
Microsoft Visual Studio Solution File, Format Version 12.00
# Visual Studio Version 17
VisualStudioVersion = 17.7.34009.444
MinimumVisualStudioVersion = 10.0.40219.1
Project("{FAE04EC0-301F-11D3-BF4B-00C04F79EFBC}") = "project_v2", "project_v2\project_v2.csproj", "{9B1FAFA7-F010-4CB9-9B20-43006F4EE59A}"
EndProject
Global
	GlobalSection(SolutionConfigurationPlatforms) = preSolution
		Debug|Any CPU = Debug|Any CPU
		Release|Any CPU = Release|Any CPU
	EndGlobalSection
	GlobalSection(ProjectConfigurationPlatforms) = postSolution
		{9B1FAFA7-F010-4CB9-9B20-43006F4EE59A}.Debug|Any CPU.ActiveCfg = Debug|Any CPU
		{9B1FAFA7-F010-4CB9-9B20-43006F4EE59A}.Debug|Any CPU.Build.0 = Debug|Any CPU
		{9B1FAFA7-F010-4CB9-9B20-43006F4EE59A}.Release|Any CPU.ActiveCfg = Release|Any CPU
		{9B1FAFA7-F010-4CB9-9B20-43006F4EE59A}.Release|Any CPU.Build.0 = Release|Any CPU
	EndGlobalSection
	GlobalSection(SolutionProperties) = preSolution
		HideSolutionNode = FALSE
	EndGlobalSection
	GlobalSection(ExtensibilityGlobals) = postSolution
		SolutionGuid = {F0F33FB2-062F-4AC2-A3F2-7020EB9AD8FE}
	EndGlobalSection
EndGlobal
